
Microsoft Visual Studio Solution File, Format Version 12.00
# Visual Studio 2013
VisualStudioVersion = 12.0.31101.0
MinimumVisualStudioVersion = 10.0.40219.1
Project("{FAE04EC0-301F-11D3-BF4B-00C04F79EFBC}") = "Gorvodokanal.Objects", "Objects\Gorvodokanal.Objects.csproj", "{90CBA56D-5698-45C5-811D-1749ECB4C3B4}"
EndProject
Project("{FAE04EC0-301F-11D3-BF4B-00C04F79EFBC}") = "Gorvodokanal.ODataBackend", "ODataBackend\Gorvodokanal.ODataBackend.csproj", "{3C9BABC7-BC74-421B-8E68-51C7AA393237}"
EndProject
Global
	GlobalSection(SolutionConfigurationPlatforms) = preSolution
Debug|Any CPU = Debug|Any CPU
Release|Any CPU = Release|Any CPU
	EndGlobalSection
	GlobalSection(ProjectConfigurationPlatforms) = postSolution
		{90CBA56D-5698-45C5-811D-1749ECB4C3B4}.Debug|Any CPU.ActiveCfg = Debug|Any CPU
		{90CBA56D-5698-45C5-811D-1749ECB4C3B4}.Debug|Any CPU.Build.0 = Debug|Any CPU
		{90CBA56D-5698-45C5-811D-1749ECB4C3B4}.Release|Any CPU.ActiveCfg = Release|Any CPU
		{90CBA56D-5698-45C5-811D-1749ECB4C3B4}.Release|Any CPU.Build.0 = Release|Any CPU
		{3C9BABC7-BC74-421B-8E68-51C7AA393237}.Debug|Any CPU.ActiveCfg = Debug|Any CPU
		{3C9BABC7-BC74-421B-8E68-51C7AA393237}.Debug|Any CPU.Build.0 = Debug|Any CPU
		{3C9BABC7-BC74-421B-8E68-51C7AA393237}.Release|Any CPU.ActiveCfg = Release|Any CPU
		{3C9BABC7-BC74-421B-8E68-51C7AA393237}.Release|Any CPU.Build.0 = Release|Any CPU
	EndGlobalSection
	GlobalSection(SolutionProperties) = preSolution
		HideSolutionNode = FALSE
	EndGlobalSection
EndGlobal
