
Microsoft Visual Studio Solution File, Format Version 12.00
# Visual Studio 2013
VisualStudioVersion = 12.0.31101.0
MinimumVisualStudioVersion = 10.0.40219.1
Project("{FAE04EC0-301F-11D3-BF4B-00C04F79EFBC}") = "Gorvodokanal.Objects", "Objects\Gorvodokanal.Objects.csproj", "{D380894A-2027-4C8B-B407-0AB006A8D8D1}"
EndProject
Project("{FAE04EC0-301F-11D3-BF4B-00C04F79EFBC}") = "Gorvodokanal.ODataBackend", "ODataBackend\Gorvodokanal.ODataBackend.csproj", "{4423E2EC-FDFA-4E55-ABE9-8D2AB848BCB0}"
EndProject
Global
	GlobalSection(SolutionConfigurationPlatforms) = preSolution
Debug|Any CPU = Debug|Any CPU
Release|Any CPU = Release|Any CPU
	EndGlobalSection
	GlobalSection(ProjectConfigurationPlatforms) = postSolution
		{D380894A-2027-4C8B-B407-0AB006A8D8D1}.Debug|Any CPU.ActiveCfg = Debug|Any CPU
		{D380894A-2027-4C8B-B407-0AB006A8D8D1}.Debug|Any CPU.Build.0 = Debug|Any CPU
		{D380894A-2027-4C8B-B407-0AB006A8D8D1}.Release|Any CPU.ActiveCfg = Release|Any CPU
		{D380894A-2027-4C8B-B407-0AB006A8D8D1}.Release|Any CPU.Build.0 = Release|Any CPU
		{4423E2EC-FDFA-4E55-ABE9-8D2AB848BCB0}.Debug|Any CPU.ActiveCfg = Debug|Any CPU
		{4423E2EC-FDFA-4E55-ABE9-8D2AB848BCB0}.Debug|Any CPU.Build.0 = Debug|Any CPU
		{4423E2EC-FDFA-4E55-ABE9-8D2AB848BCB0}.Release|Any CPU.ActiveCfg = Release|Any CPU
		{4423E2EC-FDFA-4E55-ABE9-8D2AB848BCB0}.Release|Any CPU.Build.0 = Release|Any CPU
	EndGlobalSection
	GlobalSection(SolutionProperties) = preSolution
		HideSolutionNode = FALSE
	EndGlobalSection
EndGlobal
