
Microsoft Visual Studio Solution File, Format Version 12.00
# Visual Studio 2013
VisualStudioVersion = 12.0.31101.0
MinimumVisualStudioVersion = 10.0.40219.1
Project("{FAE04EC0-301F-11D3-BF4B-00C04F79EFBC}") = "Gorvodokanal.Objects", "Objects\Gorvodokanal.Objects.csproj", "{299F8590-DDBB-4F12-8219-4408536DE218}"
EndProject
Project("{FAE04EC0-301F-11D3-BF4B-00C04F79EFBC}") = "Gorvodokanal.ODataBackend", "ODataBackend\Gorvodokanal.ODataBackend.csproj", "{99C5F42D-A6F7-4547-8A28-1A9696F98798}"
EndProject
Global
	GlobalSection(SolutionConfigurationPlatforms) = preSolution
Debug|Any CPU = Debug|Any CPU
Release|Any CPU = Release|Any CPU
	EndGlobalSection
	GlobalSection(ProjectConfigurationPlatforms) = postSolution
		{299F8590-DDBB-4F12-8219-4408536DE218}.Debug|Any CPU.ActiveCfg = Debug|Any CPU
		{299F8590-DDBB-4F12-8219-4408536DE218}.Debug|Any CPU.Build.0 = Debug|Any CPU
		{299F8590-DDBB-4F12-8219-4408536DE218}.Release|Any CPU.ActiveCfg = Release|Any CPU
		{299F8590-DDBB-4F12-8219-4408536DE218}.Release|Any CPU.Build.0 = Release|Any CPU
		{99C5F42D-A6F7-4547-8A28-1A9696F98798}.Debug|Any CPU.ActiveCfg = Debug|Any CPU
		{99C5F42D-A6F7-4547-8A28-1A9696F98798}.Debug|Any CPU.Build.0 = Debug|Any CPU
		{99C5F42D-A6F7-4547-8A28-1A9696F98798}.Release|Any CPU.ActiveCfg = Release|Any CPU
		{99C5F42D-A6F7-4547-8A28-1A9696F98798}.Release|Any CPU.Build.0 = Release|Any CPU
	EndGlobalSection
	GlobalSection(SolutionProperties) = preSolution
		HideSolutionNode = FALSE
	EndGlobalSection
EndGlobal
